
Microsoft Visual Studio Solution File, Format Version 12.00
# Visual Studio Version 16
VisualStudioVersion = 16.0.31702.278
MinimumVisualStudioVersion = 10.0.40219.1
Project("{9A19103F-16F7-4668-BE54-9A1E7A4F7556}") = "Выражения", "Выражения\Выражения.csproj", "{D2B2B122-74A9-45FF-9A76-89E52BF26342}"
EndProject
Project("{9A19103F-16F7-4668-BE54-9A1E7A4F7556}") = "Точка в заштрихованной области", "Точка в заштрихованной области\Точка в заштрихованной области.csproj", "{C7549F8C-A096-4DF8-B285-3EB4CBE1F5AA}"
EndProject
Project("{9A19103F-16F7-4668-BE54-9A1E7A4F7556}") = "Поиск min max последовательности", "Поиск min max последовательности\Поиск min max последовательности.csproj", "{BDE6713D-C00E-49BD-8976-F45171ABDCFA}"
EndProject
Project("{9A19103F-16F7-4668-BE54-9A1E7A4F7556}") = "Побитовые операции", "Побитовые операции\Побитовые операции.csproj", "{A614D101-C376-4ADC-A232-BD0D8D6DC3AB}"
EndProject
Project("{9A19103F-16F7-4668-BE54-9A1E7A4F7556}") = "Редактор текста", "Редактор текста\Редактор текста.csproj", "{A16903DC-4DAF-4895-88ED-C68180FBD588}"
EndProject
Project("{9A19103F-16F7-4668-BE54-9A1E7A4F7556}") = "Массивы", "Массивы\Массивы.csproj", "{8B229611-8E87-44E9-9ACD-CB4BE52930B9}"
EndProject
Project("{9A19103F-16F7-4668-BE54-9A1E7A4F7556}") = "Цикл", "Цикл\Цикл.csproj", "{FF6506CE-FF8C-4871-986A-C0019C4B6AA6}"
EndProject
Project("{FAE04EC0-301F-11D3-BF4B-00C04F79EFBC}") = "Пила", "Пила\Пила.csproj", "{FED80E52-3287-4AAA-91ED-A3C514B92E0F}"
EndProject
Global
	GlobalSection(SolutionConfigurationPlatforms) = preSolution
		Debug|Any CPU = Debug|Any CPU
		Release|Any CPU = Release|Any CPU
	EndGlobalSection
	GlobalSection(ProjectConfigurationPlatforms) = postSolution
		{D2B2B122-74A9-45FF-9A76-89E52BF26342}.Debug|Any CPU.ActiveCfg = Debug|Any CPU
		{D2B2B122-74A9-45FF-9A76-89E52BF26342}.Debug|Any CPU.Build.0 = Debug|Any CPU
		{D2B2B122-74A9-45FF-9A76-89E52BF26342}.Release|Any CPU.ActiveCfg = Release|Any CPU
		{D2B2B122-74A9-45FF-9A76-89E52BF26342}.Release|Any CPU.Build.0 = Release|Any CPU
		{C7549F8C-A096-4DF8-B285-3EB4CBE1F5AA}.Debug|Any CPU.ActiveCfg = Debug|Any CPU
		{C7549F8C-A096-4DF8-B285-3EB4CBE1F5AA}.Debug|Any CPU.Build.0 = Debug|Any CPU
		{C7549F8C-A096-4DF8-B285-3EB4CBE1F5AA}.Release|Any CPU.ActiveCfg = Release|Any CPU
		{C7549F8C-A096-4DF8-B285-3EB4CBE1F5AA}.Release|Any CPU.Build.0 = Release|Any CPU
		{BDE6713D-C00E-49BD-8976-F45171ABDCFA}.Debug|Any CPU.ActiveCfg = Debug|Any CPU
		{BDE6713D-C00E-49BD-8976-F45171ABDCFA}.Debug|Any CPU.Build.0 = Debug|Any CPU
		{BDE6713D-C00E-49BD-8976-F45171ABDCFA}.Release|Any CPU.ActiveCfg = Release|Any CPU
		{BDE6713D-C00E-49BD-8976-F45171ABDCFA}.Release|Any CPU.Build.0 = Release|Any CPU
		{A614D101-C376-4ADC-A232-BD0D8D6DC3AB}.Debug|Any CPU.ActiveCfg = Debug|Any CPU
		{A614D101-C376-4ADC-A232-BD0D8D6DC3AB}.Debug|Any CPU.Build.0 = Debug|Any CPU
		{A614D101-C376-4ADC-A232-BD0D8D6DC3AB}.Release|Any CPU.ActiveCfg = Release|Any CPU
		{A614D101-C376-4ADC-A232-BD0D8D6DC3AB}.Release|Any CPU.Build.0 = Release|Any CPU
		{A16903DC-4DAF-4895-88ED-C68180FBD588}.Debug|Any CPU.ActiveCfg = Debug|Any CPU
		{A16903DC-4DAF-4895-88ED-C68180FBD588}.Debug|Any CPU.Build.0 = Debug|Any CPU
		{A16903DC-4DAF-4895-88ED-C68180FBD588}.Release|Any CPU.ActiveCfg = Release|Any CPU
		{A16903DC-4DAF-4895-88ED-C68180FBD588}.Release|Any CPU.Build.0 = Release|Any CPU
		{8B229611-8E87-44E9-9ACD-CB4BE52930B9}.Debug|Any CPU.ActiveCfg = Debug|Any CPU
		{8B229611-8E87-44E9-9ACD-CB4BE52930B9}.Debug|Any CPU.Build.0 = Debug|Any CPU
		{8B229611-8E87-44E9-9ACD-CB4BE52930B9}.Release|Any CPU.ActiveCfg = Release|Any CPU
		{8B229611-8E87-44E9-9ACD-CB4BE52930B9}.Release|Any CPU.Build.0 = Release|Any CPU
		{FF6506CE-FF8C-4871-986A-C0019C4B6AA6}.Debug|Any CPU.ActiveCfg = Debug|Any CPU
		{FF6506CE-FF8C-4871-986A-C0019C4B6AA6}.Debug|Any CPU.Build.0 = Debug|Any CPU
		{FF6506CE-FF8C-4871-986A-C0019C4B6AA6}.Release|Any CPU.ActiveCfg = Release|Any CPU
		{FF6506CE-FF8C-4871-986A-C0019C4B6AA6}.Release|Any CPU.Build.0 = Release|Any CPU
		{FED80E52-3287-4AAA-91ED-A3C514B92E0F}.Debug|Any CPU.ActiveCfg = Debug|Any CPU
		{FED80E52-3287-4AAA-91ED-A3C514B92E0F}.Debug|Any CPU.Build.0 = Debug|Any CPU
		{FED80E52-3287-4AAA-91ED-A3C514B92E0F}.Release|Any CPU.ActiveCfg = Release|Any CPU
		{FED80E52-3287-4AAA-91ED-A3C514B92E0F}.Release|Any CPU.Build.0 = Release|Any CPU
	EndGlobalSection
	GlobalSection(SolutionProperties) = preSolution
		HideSolutionNode = FALSE
	EndGlobalSection
	GlobalSection(ExtensibilityGlobals) = postSolution
		SolutionGuid = {02C75281-ECF1-46B4-BA5C-179373658C31}
	EndGlobalSection
EndGlobal
